
Microsoft Visual Studio Solution File, Format Version 12.00
# Visual Studio Version 16
VisualStudioVersion = 16.0.810.11
MinimumVisualStudioVersion = 10.0.40219.1
Project("{FAE04EC0-301F-11D3-BF4B-00C04F79EFBC}") = "TestApp.XamarinAndroid", "TestApp.XamarinAndroid.csproj", "{3C7ED4C3-81AB-4492-8B0A-0DB7777445CB}"
EndProject
Global
	GlobalSection(SolutionConfigurationPlatforms) = preSolution
		Debug|Any CPU = Debug|Any CPU
		Release|Any CPU = Release|Any CPU
	EndGlobalSection
	GlobalSection(ProjectConfigurationPlatforms) = postSolution
		{3C7ED4C3-81AB-4492-8B0A-0DB7777445CB}.Debug|Any CPU.ActiveCfg = Debug|Any CPU
		{3C7ED4C3-81AB-4492-8B0A-0DB7777445CB}.Debug|Any CPU.Build.0 = Debug|Any CPU
		{3C7ED4C3-81AB-4492-8B0A-0DB7777445CB}.Release|Any CPU.ActiveCfg = Release|Any CPU
		{3C7ED4C3-81AB-4492-8B0A-0DB7777445CB}.Release|Any CPU.Build.0 = Release|Any CPU
	EndGlobalSection
	GlobalSection(SolutionProperties) = preSolution
		HideSolutionNode = FALSE
	EndGlobalSection
	GlobalSection(ExtensibilityGlobals) = postSolution
		SolutionGuid = {6CA649F9-6F4C-43E3-828E-CA2C1645BD84}
	EndGlobalSection
EndGlobal
