
Microsoft Visual Studio Solution File, Format Version 12.00
# Visual Studio 2012
Project("{FAE04EC0-301F-11D3-BF4B-00C04F79EFBC}") = "TestApp.XamariniOS", "TestApp.XamariniOS\TestApp.XamariniOS.csproj", "{8A824FB1-35EA-4119-8E01-0382BB264E04}"
EndProject
Project("{FAE04EC0-301F-11D3-BF4B-00C04F79EFBC}") = "AppboyPlatformXamariniOSBinding", "..\..\..\src\ios-unified\AppboyPlatformXamariniOSBinding.csproj", "{7D493871-0793-4E34-B983-06053111D5B0}"
EndProject
Global
	GlobalSection(SolutionConfigurationPlatforms) = preSolution
		Debug|Any CPU = Debug|Any CPU
		Release|Any CPU = Release|Any CPU
		Debug|iPhoneSimulator = Debug|iPhoneSimulator
		Release|iPhoneSimulator = Release|iPhoneSimulator
		Debug|iPhone = Debug|iPhone
		Release|iPhone = Release|iPhone
		Ad-Hoc|iPhone = Ad-Hoc|iPhone
		AppStore|iPhone = AppStore|iPhone
	EndGlobalSection
	GlobalSection(ProjectConfigurationPlatforms) = postSolution
		{7D493871-0793-4E34-B983-06053111D5B0}.Ad-Hoc|iPhone.ActiveCfg = Release|Any CPU
		{7D493871-0793-4E34-B983-06053111D5B0}.Ad-Hoc|iPhone.Build.0 = Release|Any CPU
		{7D493871-0793-4E34-B983-06053111D5B0}.AppStore|iPhone.ActiveCfg = Release|Any CPU
		{7D493871-0793-4E34-B983-06053111D5B0}.AppStore|iPhone.Build.0 = Release|Any CPU
		{7D493871-0793-4E34-B983-06053111D5B0}.Debug|Any CPU.ActiveCfg = Debug|Any CPU
		{7D493871-0793-4E34-B983-06053111D5B0}.Debug|Any CPU.Build.0 = Debug|Any CPU
		{7D493871-0793-4E34-B983-06053111D5B0}.Debug|iPhone.ActiveCfg = Debug|Any CPU
		{7D493871-0793-4E34-B983-06053111D5B0}.Debug|iPhone.Build.0 = Debug|Any CPU
		{7D493871-0793-4E34-B983-06053111D5B0}.Debug|iPhoneSimulator.ActiveCfg = Debug|Any CPU
		{7D493871-0793-4E34-B983-06053111D5B0}.Debug|iPhoneSimulator.Build.0 = Debug|Any CPU
		{7D493871-0793-4E34-B983-06053111D5B0}.Release|Any CPU.ActiveCfg = Release|Any CPU
		{7D493871-0793-4E34-B983-06053111D5B0}.Release|Any CPU.Build.0 = Release|Any CPU
		{7D493871-0793-4E34-B983-06053111D5B0}.Release|iPhone.ActiveCfg = Release|Any CPU
		{7D493871-0793-4E34-B983-06053111D5B0}.Release|iPhone.Build.0 = Release|Any CPU
		{7D493871-0793-4E34-B983-06053111D5B0}.Release|iPhoneSimulator.ActiveCfg = Release|Any CPU
		{7D493871-0793-4E34-B983-06053111D5B0}.Release|iPhoneSimulator.Build.0 = Release|Any CPU
		{8A824FB1-35EA-4119-8E01-0382BB264E04}.Ad-Hoc|iPhone.ActiveCfg = Ad-Hoc|iPhone
		{8A824FB1-35EA-4119-8E01-0382BB264E04}.Ad-Hoc|iPhone.Build.0 = Ad-Hoc|iPhone
		{8A824FB1-35EA-4119-8E01-0382BB264E04}.AppStore|iPhone.ActiveCfg = AppStore|iPhone
		{8A824FB1-35EA-4119-8E01-0382BB264E04}.AppStore|iPhone.Build.0 = AppStore|iPhone
		{8A824FB1-35EA-4119-8E01-0382BB264E04}.Debug|Any CPU.ActiveCfg = Debug|iPhoneSimulator
		{8A824FB1-35EA-4119-8E01-0382BB264E04}.Debug|Any CPU.Build.0 = Debug|iPhoneSimulator
		{8A824FB1-35EA-4119-8E01-0382BB264E04}.Debug|iPhone.ActiveCfg = Debug|iPhone
		{8A824FB1-35EA-4119-8E01-0382BB264E04}.Debug|iPhone.Build.0 = Debug|iPhone
		{8A824FB1-35EA-4119-8E01-0382BB264E04}.Debug|iPhoneSimulator.ActiveCfg = Debug|iPhoneSimulator
		{8A824FB1-35EA-4119-8E01-0382BB264E04}.Debug|iPhoneSimulator.Build.0 = Debug|iPhoneSimulator
		{8A824FB1-35EA-4119-8E01-0382BB264E04}.Release|Any CPU.ActiveCfg = Release|iPhoneSimulator
		{8A824FB1-35EA-4119-8E01-0382BB264E04}.Release|Any CPU.Build.0 = Release|iPhoneSimulator
		{8A824FB1-35EA-4119-8E01-0382BB264E04}.Release|iPhone.ActiveCfg = Release|iPhone
		{8A824FB1-35EA-4119-8E01-0382BB264E04}.Release|iPhone.Build.0 = Release|iPhone
		{8A824FB1-35EA-4119-8E01-0382BB264E04}.Release|iPhoneSimulator.ActiveCfg = Release|iPhoneSimulator
		{8A824FB1-35EA-4119-8E01-0382BB264E04}.Release|iPhoneSimulator.Build.0 = Release|iPhoneSimulator
	EndGlobalSection
	GlobalSection(MonoDevelopProperties) = preSolution
		Policies = $0
		$0.TextStylePolicy = $1
		$1.FileWidth = 120
		$1.TabWidth = 2
		$1.IndentWidth = 2
		$1.NoTabsAfterNonTabs = True
		$1.inheritsSet = VisualStudio
		$1.inheritsScope = text/plain
		$1.scope = text/plain
	EndGlobalSection
EndGlobal
