
Microsoft Visual Studio Solution File, Format Version 12.00
# Visual Studio Version 16
VisualStudioVersion = 25.0.1705.1
MinimumVisualStudioVersion = 10.0.40219.1
Project("{FAE04EC0-301F-11D3-BF4B-00C04F79EFBC}") = "BrazeAndroidBinding", "androidnet6\BrazeAndroidNet6Binding\BrazeAndroidBinding.csproj", "{7DEBCBD0-B429-4097-B32C-E50118535941}"
EndProject
Project("{FAE04EC0-301F-11D3-BF4B-00C04F79EFBC}") = "BrazeBinding.ios", "BrazeBinding.ios\BrazeBinding.ios\BrazeBinding.ios.csproj", "{5C1AE391-42A3-49C4-8705-B51F894FEED0}"
EndProject
Global
	GlobalSection(SolutionConfigurationPlatforms) = preSolution
		Debug|Any CPU = Debug|Any CPU
		Release|Any CPU = Release|Any CPU
	EndGlobalSection
	GlobalSection(ProjectConfigurationPlatforms) = postSolution
		{7DEBCBD0-B429-4097-B32C-E50118535941}.Debug|Any CPU.ActiveCfg = Debug|Any CPU
		{7DEBCBD0-B429-4097-B32C-E50118535941}.Debug|Any CPU.Build.0 = Debug|Any CPU
		{7DEBCBD0-B429-4097-B32C-E50118535941}.Release|Any CPU.ActiveCfg = Release|Any CPU
		{7DEBCBD0-B429-4097-B32C-E50118535941}.Release|Any CPU.Build.0 = Release|Any CPU
		{5C1AE391-42A3-49C4-8705-B51F894FEED0}.Debug|Any CPU.ActiveCfg = Debug|Any CPU
		{5C1AE391-42A3-49C4-8705-B51F894FEED0}.Debug|Any CPU.Build.0 = Debug|Any CPU
		{5C1AE391-42A3-49C4-8705-B51F894FEED0}.Release|Any CPU.ActiveCfg = Release|Any CPU
		{5C1AE391-42A3-49C4-8705-B51F894FEED0}.Release|Any CPU.Build.0 = Release|Any CPU
	EndGlobalSection
	GlobalSection(SolutionProperties) = preSolution
		HideSolutionNode = FALSE
	EndGlobalSection
	GlobalSection(ExtensibilityGlobals) = postSolution
		SolutionGuid = {84C38529-E47B-4110-AFCA-B64D71937562}
	EndGlobalSection
EndGlobal
