
Microsoft Visual Studio Solution File, Format Version 12.00
# Visual Studio Version 16
VisualStudioVersion = 17.0.31611.283
MinimumVisualStudioVersion = 10.0.40219.1
Project("{9A19103F-16F7-4668-BE54-9A1E7A4F7556}") = "BrazeiOSMauiSampleApp", "BrazeiOSMauiSampleApp\BrazeiOSMauiSampleApp.csproj", "{F8E54375-8503-4804-AF19-B07766AC4580}"
EndProject
Project("{FAE04EC0-301F-11D3-BF4B-00C04F79EFBC}") = "Braze.BrazeKit", "..\..\..\src\ios-brazekit\Braze.BrazeKit.csproj", "{83A39E8F-F6CA-45E2-8EF1-0C9853E10DCC}"
EndProject
Project("{FAE04EC0-301F-11D3-BF4B-00C04F79EFBC}") = "Braze.BrazeLocation", "..\..\..\src\ios-brazelocation\Braze.BrazeLocation.csproj", "{B85FD92F-BDEE-4FB6-9116-11736AAAA827}"
EndProject
Project("{FAE04EC0-301F-11D3-BF4B-00C04F79EFBC}") = "Braze.BrazeUI", "..\..\..\src\ios-brazeui\Braze.BrazeUI.csproj", "{100D5FC7-D1BA-4A84-8C25-B081C84A1DF4}"
EndProject
Project("{FAE04EC0-301F-11D3-BF4B-00C04F79EFBC}") = "Braze.SDWebImage", "..\..\..\src\ios-sdwebimage\Braze.SDWebImage.csproj", "{EBF3BF10-A40D-4524-9E6C-D211BC4E6364}"
EndProject
Global
	GlobalSection(SolutionConfigurationPlatforms) = preSolution
		Debug|Any CPU = Debug|Any CPU
		Release|Any CPU = Release|Any CPU
	EndGlobalSection
	GlobalSection(ProjectConfigurationPlatforms) = postSolution
		{F8E54375-8503-4804-AF19-B07766AC4580}.Debug|Any CPU.ActiveCfg = Debug|Any CPU
		{F8E54375-8503-4804-AF19-B07766AC4580}.Debug|Any CPU.Build.0 = Debug|Any CPU
		{F8E54375-8503-4804-AF19-B07766AC4580}.Debug|Any CPU.Deploy.0 = Debug|Any CPU
		{F8E54375-8503-4804-AF19-B07766AC4580}.Release|Any CPU.ActiveCfg = Release|Any CPU
		{F8E54375-8503-4804-AF19-B07766AC4580}.Release|Any CPU.Build.0 = Release|Any CPU
		{F8E54375-8503-4804-AF19-B07766AC4580}.Release|Any CPU.Deploy.0 = Release|Any CPU
		{83A39E8F-F6CA-45E2-8EF1-0C9853E10DCC}.Debug|Any CPU.ActiveCfg = Debug|Any CPU
		{83A39E8F-F6CA-45E2-8EF1-0C9853E10DCC}.Debug|Any CPU.Build.0 = Debug|Any CPU
		{83A39E8F-F6CA-45E2-8EF1-0C9853E10DCC}.Release|Any CPU.ActiveCfg = Release|Any CPU
		{83A39E8F-F6CA-45E2-8EF1-0C9853E10DCC}.Release|Any CPU.Build.0 = Release|Any CPU
		{B85FD92F-BDEE-4FB6-9116-11736AAAA827}.Debug|Any CPU.ActiveCfg = Debug|Any CPU
		{B85FD92F-BDEE-4FB6-9116-11736AAAA827}.Debug|Any CPU.Build.0 = Debug|Any CPU
		{B85FD92F-BDEE-4FB6-9116-11736AAAA827}.Release|Any CPU.ActiveCfg = Release|Any CPU
		{B85FD92F-BDEE-4FB6-9116-11736AAAA827}.Release|Any CPU.Build.0 = Release|Any CPU
		{100D5FC7-D1BA-4A84-8C25-B081C84A1DF4}.Debug|Any CPU.ActiveCfg = Debug|Any CPU
		{100D5FC7-D1BA-4A84-8C25-B081C84A1DF4}.Debug|Any CPU.Build.0 = Debug|Any CPU
		{100D5FC7-D1BA-4A84-8C25-B081C84A1DF4}.Release|Any CPU.ActiveCfg = Release|Any CPU
		{100D5FC7-D1BA-4A84-8C25-B081C84A1DF4}.Release|Any CPU.Build.0 = Release|Any CPU
		{EBF3BF10-A40D-4524-9E6C-D211BC4E6364}.Debug|Any CPU.ActiveCfg = Debug|Any CPU
		{EBF3BF10-A40D-4524-9E6C-D211BC4E6364}.Debug|Any CPU.Build.0 = Debug|Any CPU
		{EBF3BF10-A40D-4524-9E6C-D211BC4E6364}.Release|Any CPU.ActiveCfg = Release|Any CPU
		{EBF3BF10-A40D-4524-9E6C-D211BC4E6364}.Release|Any CPU.Build.0 = Release|Any CPU
	EndGlobalSection
	GlobalSection(SolutionProperties) = preSolution
		HideSolutionNode = FALSE
	EndGlobalSection
	GlobalSection(ExtensibilityGlobals) = postSolution
		SolutionGuid = {61F7FB11-1E47-470C-91E2-47F8143E1572}
	EndGlobalSection
EndGlobal
