
Microsoft Visual Studio Solution File, Format Version 12.00
# Visual Studio 2012
Project("{FAE04EC0-301F-11D3-BF4B-00C04F79EFBC}") = "TestAppXamarinForms.Droid", "TestAppXamarinForms.Droid.csproj", "{64FE2388-7280-40E3-A592-7AA0B6ACFE96}"
EndProject
Global
	GlobalSection(SolutionConfigurationPlatforms) = preSolution
		Debug|Any CPU = Debug|Any CPU
		Release|Any CPU = Release|Any CPU
	EndGlobalSection
	GlobalSection(ProjectConfigurationPlatforms) = postSolution
		{64FE2388-7280-40E3-A592-7AA0B6ACFE96}.Debug|Any CPU.ActiveCfg = Debug|Any CPU
		{64FE2388-7280-40E3-A592-7AA0B6ACFE96}.Debug|Any CPU.Build.0 = Debug|Any CPU
		{64FE2388-7280-40E3-A592-7AA0B6ACFE96}.Release|Any CPU.ActiveCfg = Release|Any CPU
		{64FE2388-7280-40E3-A592-7AA0B6ACFE96}.Release|Any CPU.Build.0 = Release|Any CPU
	EndGlobalSection
EndGlobal
